// !$*UTF8*$!
{
	archiveVersion = 1;
	classes = {
	};
	objectVersion = 50;
	objects = {

/* Begin PBXBuildFile section */
		AD24D1212266EED40063F530 /* AppDelegate.swift in Sources */ = {isa = PBXBuildFile; fileRef = AD24D1202266EED40063F530 /* AppDelegate.swift */; };
		AD24D1232266EED40063F530 /* BaseTabBarController.swift in Sources */ = {isa = PBXBuildFile; fileRef = AD24D1222266EED40063F530 /* BaseTabBarController.swift */; };
		AD24D1262266EED40063F530 /* Main.storyboard in Resources */ = {isa = PBXBuildFile; fileRef = AD24D1242266EED40063F530 /* Main.storyboard */; };
		AD24D1292266EED40063F530 /* SweetHome.xcdatamodeld in Sources */ = {isa = PBXBuildFile; fileRef = AD24D1272266EED40063F530 /* SweetHome.xcdatamodeld */; };
		AD24D12B2266EED50063F530 /* Assets.xcassets in Resources */ = {isa = PBXBuildFile; fileRef = AD24D12A2266EED50063F530 /* Assets.xcassets */; };
		AD24D12E2266EED50063F530 /* LaunchScreen.storyboard in Resources */ = {isa = PBXBuildFile; fileRef = AD24D12C2266EED50063F530 /* LaunchScreen.storyboard */; };
		AD24D1392266EED50063F530 /* SweetHomeTests.swift in Sources */ = {isa = PBXBuildFile; fileRef = AD24D1382266EED50063F530 /* SweetHomeTests.swift */; };
		AD24D1462266F0F30063F530 /* HomeViewController.swift in Sources */ = {isa = PBXBuildFile; fileRef = AD24D1452266F0F30063F530 /* HomeViewController.swift */; };
		AD24D1482266F1280063F530 /* AddHomeViewController.swift in Sources */ = {isa = PBXBuildFile; fileRef = AD24D1472266F1280063F530 /* AddHomeViewController.swift */; };
		AD24D14A2266F1340063F530 /* InformationViewController.swift in Sources */ = {isa = PBXBuildFile; fileRef = AD24D1492266F1340063F530 /* InformationViewController.swift */; };
		AD24D15122672FB90063F530 /* UserPreferanceView.swift in Sources */ = {isa = PBXBuildFile; fileRef = AD24D15022672FB90063F530 /* UserPreferanceView.swift */; };
		AD24D156226737B80063F530 /* TextCell.swift in Sources */ = {isa = PBXBuildFile; fileRef = AD24D155226737B80063F530 /* TextCell.swift */; };
		AD24D158226737F60063F530 /* UIView+extensions.swift in Sources */ = {isa = PBXBuildFile; fileRef = AD24D157226737F60063F530 /* UIView+extensions.swift */; };
		AD24D15B226750A30063F530 /* NetworkLayer.swift in Sources */ = {isa = PBXBuildFile; fileRef = AD24D15A226750A30063F530 /* NetworkLayer.swift */; };
		AD24D15D226750C80063F530 /* DataServiceLayer.swift in Sources */ = {isa = PBXBuildFile; fileRef = AD24D15C226750C80063F530 /* DataServiceLayer.swift */; };
		AD24D15F226753600063F530 /* HomesView.swift in Sources */ = {isa = PBXBuildFile; fileRef = AD24D15E226753600063F530 /* HomesView.swift */; };
		AD24D162226774500063F530 /* DataModel.swift in Sources */ = {isa = PBXBuildFile; fileRef = AD24D161226774500063F530 /* DataModel.swift */; };
		AD24D164226776AE0063F530 /* HomeCollectionCell.swift in Sources */ = {isa = PBXBuildFile; fileRef = AD24D163226776AE0063F530 /* HomeCollectionCell.swift */; };
		AD24D166226776DC0063F530 /* ImageCachingSystem.swift in Sources */ = {isa = PBXBuildFile; fileRef = AD24D165226776DC0063F530 /* ImageCachingSystem.swift */; };
		AD6C03AF22715F2E00EBA26E /* UIColor+extensions.swift in Sources */ = {isa = PBXBuildFile; fileRef = AD6C03AE22715F2E00EBA26E /* UIColor+extensions.swift */; };
		AD6C03BA2272173D00EBA26E /* HomeDetailsViewController.swift in Sources */ = {isa = PBXBuildFile; fileRef = AD6C03B92272173D00EBA26E /* HomeDetailsViewController.swift */; };
		AD7ACA7922729E5800E10602 /* HomeDetailsImageTableViewCell.swift in Sources */ = {isa = PBXBuildFile; fileRef = AD7ACA7722729E5800E10602 /* HomeDetailsImageTableViewCell.swift */; };
		AD7ACA7A22729E5800E10602 /* HomeDetailsImageTableViewCell.xib in Resources */ = {isa = PBXBuildFile; fileRef = AD7ACA7822729E5800E10602 /* HomeDetailsImageTableViewCell.xib */; };
		AD7ACA7C2272A83B00E10602 /* ImageCollectionCell.swift in Sources */ = {isa = PBXBuildFile; fileRef = AD7ACA7B2272A83B00E10602 /* ImageCollectionCell.swift */; };
		AD7ACA7F2272AEB800E10602 /* HomeDetailsModel.swift in Sources */ = {isa = PBXBuildFile; fileRef = AD7ACA7E2272AEB800E10602 /* HomeDetailsModel.swift */; };
		AD7ACA812272B21D00E10602 /* homeDetails.json in Resources */ = {isa = PBXBuildFile; fileRef = AD7ACA802272B21D00E10602 /* homeDetails.json */; };
		AD7ACA842272C09600E10602 /* HomeDetailsDesciptionTableViewCell.swift in Sources */ = {isa = PBXBuildFile; fileRef = AD7ACA822272C09600E10602 /* HomeDetailsDesciptionTableViewCell.swift */; };
		AD7ACA852272C09600E10602 /* HomeDetailsDesciptionTableViewCell.xib in Resources */ = {isa = PBXBuildFile; fileRef = AD7ACA832272C09600E10602 /* HomeDetailsDesciptionTableViewCell.xib */; };
		AD7ACA892272C4BA00E10602 /* VideoTableViewCell.swift in Sources */ = {isa = PBXBuildFile; fileRef = AD7ACA872272C4BA00E10602 /* VideoTableViewCell.swift */; };
		AD7ACA8A2272C4BA00E10602 /* VideoTableViewCell.xib in Resources */ = {isa = PBXBuildFile; fileRef = AD7ACA882272C4BA00E10602 /* VideoTableViewCell.xib */; };
		AD7ACA8E2272C6A600E10602 /* WebKit.framework in Frameworks */ = {isa = PBXBuildFile; fileRef = AD7ACA8D2272C6A600E10602 /* WebKit.framework */; };
/* End PBXBuildFile section */

/* Begin PBXContainerItemProxy section */
		AD24D1352266EED50063F530 /* PBXContainerItemProxy */ = {
			isa = PBXContainerItemProxy;
			containerPortal = AD24D1152266EED40063F530 /* Project object */;
			proxyType = 1;
			remoteGlobalIDString = AD24D11C2266EED40063F530;
			remoteInfo = SweetHome;
		};
/* End PBXContainerItemProxy section */

/* Begin PBXFileReference section */
		AD24D11D2266EED40063F530 /* SweetHome.app */ = {isa = PBXFileReference; explicitFileType = wrapper.application; includeInIndex = 0; path = SweetHome.app; sourceTree = BUILT_PRODUCTS_DIR; };
		AD24D1202266EED40063F530 /* AppDelegate.swift */ = {isa = PBXFileReference; lastKnownFileType = sourcecode.swift; path = AppDelegate.swift; sourceTree = "<group>"; };
		AD24D1222266EED40063F530 /* BaseTabBarController.swift */ = {isa = PBXFileReference; lastKnownFileType = sourcecode.swift; path = BaseTabBarController.swift; sourceTree = "<group>"; };
		AD24D1252266EED40063F530 /* Base */ = {isa = PBXFileReference; lastKnownFileType = file.storyboard; name = Base; path = Base.lproj/Main.storyboard; sourceTree = "<group>"; };
		AD24D1282266EED40063F530 /* SweetHome.xcdatamodel */ = {isa = PBXFileReference; lastKnownFileType = wrapper.xcdatamodel; path = SweetHome.xcdatamodel; sourceTree = "<group>"; };
		AD24D12A2266EED50063F530 /* Assets.xcassets */ = {isa = PBXFileReference; lastKnownFileType = folder.assetcatalog; path = Assets.xcassets; sourceTree = "<group>"; };
		AD24D12D2266EED50063F530 /* Base */ = {isa = PBXFileReference; lastKnownFileType = file.storyboard; name = Base; path = Base.lproj/LaunchScreen.storyboard; sourceTree = "<group>"; };
		AD24D12F2266EED50063F530 /* Info.plist */ = {isa = PBXFileReference; lastKnownFileType = text.plist.xml; path = Info.plist; sourceTree = "<group>"; };
		AD24D1342266EED50063F530 /* SweetHomeTests.xctest */ = {isa = PBXFileReference; explicitFileType = wrapper.cfbundle; includeInIndex = 0; path = SweetHomeTests.xctest; sourceTree = BUILT_PRODUCTS_DIR; };
		AD24D1382266EED50063F530 /* SweetHomeTests.swift */ = {isa = PBXFileReference; lastKnownFileType = sourcecode.swift; path = SweetHomeTests.swift; sourceTree = "<group>"; };
		AD24D13A2266EED50063F530 /* Info.plist */ = {isa = PBXFileReference; lastKnownFileType = text.plist.xml; path = Info.plist; sourceTree = "<group>"; };
		AD24D1452266F0F30063F530 /* HomeViewController.swift */ = {isa = PBXFileReference; lastKnownFileType = sourcecode.swift; path = HomeViewController.swift; sourceTree = "<group>"; };
		AD24D1472266F1280063F530 /* AddHomeViewController.swift */ = {isa = PBXFileReference; lastKnownFileType = sourcecode.swift; path = AddHomeViewController.swift; sourceTree = "<group>"; };
		AD24D1492266F1340063F530 /* InformationViewController.swift */ = {isa = PBXFileReference; lastKnownFileType = sourcecode.swift; path = InformationViewController.swift; sourceTree = "<group>"; };
		AD24D15022672FB90063F530 /* UserPreferanceView.swift */ = {isa = PBXFileReference; lastKnownFileType = sourcecode.swift; path = UserPreferanceView.swift; sourceTree = "<group>"; };
		AD24D155226737B80063F530 /* TextCell.swift */ = {isa = PBXFileReference; lastKnownFileType = sourcecode.swift; path = TextCell.swift; sourceTree = "<group>"; };
		AD24D157226737F60063F530 /* UIView+extensions.swift */ = {isa = PBXFileReference; lastKnownFileType = sourcecode.swift; path = "UIView+extensions.swift"; sourceTree = "<group>"; };
		AD24D15A226750A30063F530 /* NetworkLayer.swift */ = {isa = PBXFileReference; lastKnownFileType = sourcecode.swift; path = NetworkLayer.swift; sourceTree = "<group>"; };
		AD24D15C226750C80063F530 /* DataServiceLayer.swift */ = {isa = PBXFileReference; lastKnownFileType = sourcecode.swift; path = DataServiceLayer.swift; sourceTree = "<group>"; };
		AD24D15E226753600063F530 /* HomesView.swift */ = {isa = PBXFileReference; lastKnownFileType = sourcecode.swift; path = HomesView.swift; sourceTree = "<group>"; };
		AD24D161226774500063F530 /* DataModel.swift */ = {isa = PBXFileReference; lastKnownFileType = sourcecode.swift; path = DataModel.swift; sourceTree = "<group>"; };
		AD24D163226776AE0063F530 /* HomeCollectionCell.swift */ = {isa = PBXFileReference; lastKnownFileType = sourcecode.swift; path = HomeCollectionCell.swift; sourceTree = "<group>"; };
		AD24D165226776DC0063F530 /* ImageCachingSystem.swift */ = {isa = PBXFileReference; lastKnownFileType = sourcecode.swift; path = ImageCachingSystem.swift; sourceTree = "<group>"; };
		AD6C03AE22715F2E00EBA26E /* UIColor+extensions.swift */ = {isa = PBXFileReference; lastKnownFileType = sourcecode.swift; path = "UIColor+extensions.swift"; sourceTree = "<group>"; };
		AD6C03B92272173D00EBA26E /* HomeDetailsViewController.swift */ = {isa = PBXFileReference; lastKnownFileType = sourcecode.swift; path = HomeDetailsViewController.swift; sourceTree = "<group>"; };
		AD7ACA7722729E5800E10602 /* HomeDetailsImageTableViewCell.swift */ = {isa = PBXFileReference; lastKnownFileType = sourcecode.swift; path = HomeDetailsImageTableViewCell.swift; sourceTree = "<group>"; };
		AD7ACA7822729E5800E10602 /* HomeDetailsImageTableViewCell.xib */ = {isa = PBXFileReference; lastKnownFileType = file.xib; path = HomeDetailsImageTableViewCell.xib; sourceTree = "<group>"; };
		AD7ACA7B2272A83B00E10602 /* ImageCollectionCell.swift */ = {isa = PBXFileReference; lastKnownFileType = sourcecode.swift; path = ImageCollectionCell.swift; sourceTree = "<group>"; };
		AD7ACA7E2272AEB800E10602 /* HomeDetailsModel.swift */ = {isa = PBXFileReference; lastKnownFileType = sourcecode.swift; path = HomeDetailsModel.swift; sourceTree = "<group>"; };
		AD7ACA802272B21D00E10602 /* homeDetails.json */ = {isa = PBXFileReference; fileEncoding = 4; lastKnownFileType = text.json; path = homeDetails.json; sourceTree = "<group>"; };
		AD7ACA822272C09600E10602 /* HomeDetailsDesciptionTableViewCell.swift */ = {isa = PBXFileReference; lastKnownFileType = sourcecode.swift; path = HomeDetailsDesciptionTableViewCell.swift; sourceTree = "<group>"; };
		AD7ACA832272C09600E10602 /* HomeDetailsDesciptionTableViewCell.xib */ = {isa = PBXFileReference; lastKnownFileType = file.xib; path = HomeDetailsDesciptionTableViewCell.xib; sourceTree = "<group>"; };
		AD7ACA872272C4BA00E10602 /* VideoTableViewCell.swift */ = {isa = PBXFileReference; lastKnownFileType = sourcecode.swift; path = VideoTableViewCell.swift; sourceTree = "<group>"; };
		AD7ACA882272C4BA00E10602 /* VideoTableViewCell.xib */ = {isa = PBXFileReference; lastKnownFileType = file.xib; path = VideoTableViewCell.xib; sourceTree = "<group>"; };
		AD7ACA8D2272C6A600E10602 /* WebKit.framework */ = {isa = PBXFileReference; lastKnownFileType = wrapper.framework; name = WebKit.framework; path = System/Library/Frameworks/WebKit.framework; sourceTree = SDKROOT; };
/* End PBXFileReference section */

/* Begin PBXFrameworksBuildPhase section */
		AD24D11A2266EED40063F530 /* Frameworks */ = {
			isa = PBXFrameworksBuildPhase;
			buildActionMask = 2147483647;
			files = (
				AD7ACA8E2272C6A600E10602 /* WebKit.framework in Frameworks */,
			);
			runOnlyForDeploymentPostprocessing = 0;
		};
		AD24D1312266EED50063F530 /* Frameworks */ = {
			isa = PBXFrameworksBuildPhase;
			buildActionMask = 2147483647;
			files = (
			);
			runOnlyForDeploymentPostprocessing = 0;
		};
/* End PBXFrameworksBuildPhase section */

/* Begin PBXGroup section */
		AD24D1142266EED40063F530 = {
			isa = PBXGroup;
			children = (
				AD24D11F2266EED40063F530 /* SweetHome */,
				AD24D1372266EED50063F530 /* SweetHomeTests */,
				AD24D11E2266EED40063F530 /* Products */,
				AD7ACA8C2272C6A600E10602 /* Frameworks */,
			);
			sourceTree = "<group>";
		};
		AD24D11E2266EED40063F530 /* Products */ = {
			isa = PBXGroup;
			children = (
				AD24D11D2266EED40063F530 /* SweetHome.app */,
				AD24D1342266EED50063F530 /* SweetHomeTests.xctest */,
			);
			name = Products;
			sourceTree = "<group>";
		};
		AD24D11F2266EED40063F530 /* SweetHome */ = {
			isa = PBXGroup;
			children = (
				AD24D12F2266EED50063F530 /* Info.plist */,
				AD24D1222266EED40063F530 /* BaseTabBarController.swift */,
				AD24D1202266EED40063F530 /* AppDelegate.swift */,
				AD6C03BB227218EE00EBA26E /* Home Details */,
				AD24D167226777140063F530 /* Network+DataModel */,
				AD24D14B2266F1510063F530 /* Home */,
				AD24D14C2266F15A0063F530 /* Add Home */,
				AD24D14D2266F1610063F530 /* Information */,
				AD24D1432266EF990063F530 /* storyboard-assets */,
				AD24D1442266EFA50063F530 /* core-data */,
				AD24D159226737FC0063F530 /* Utils */,
			);
			path = SweetHome;
			sourceTree = "<group>";
		};
		AD24D1372266EED50063F530 /* SweetHomeTests */ = {
			isa = PBXGroup;
			children = (
				AD24D1382266EED50063F530 /* SweetHomeTests.swift */,
				AD24D13A2266EED50063F530 /* Info.plist */,
			);
			path = SweetHomeTests;
			sourceTree = "<group>";
		};
		AD24D1432266EF990063F530 /* storyboard-assets */ = {
			isa = PBXGroup;
			children = (
				AD24D1242266EED40063F530 /* Main.storyboard */,
				AD24D12A2266EED50063F530 /* Assets.xcassets */,
				AD24D12C2266EED50063F530 /* LaunchScreen.storyboard */,
			);
			path = "storyboard-assets";
			sourceTree = "<group>";
		};
		AD24D1442266EFA50063F530 /* core-data */ = {
			isa = PBXGroup;
			children = (
				AD24D1272266EED40063F530 /* SweetHome.xcdatamodeld */,
			);
			path = "core-data";
			sourceTree = "<group>";
		};
		AD24D14B2266F1510063F530 /* Home */ = {
			isa = PBXGroup;
			children = (
				AD24D1452266F0F30063F530 /* HomeViewController.swift */,
				AD24D1522267313F0063F530 /* User Preference Collection */,
				AD24D160226753660063F530 /* HomesList */,
			);
			path = Home;
			sourceTree = "<group>";
		};
		AD24D14C2266F15A0063F530 /* Add Home */ = {
			isa = PBXGroup;
			children = (
				AD24D1472266F1280063F530 /* AddHomeViewController.swift */,
			);
			path = "Add Home";
			sourceTree = "<group>";
		};
		AD24D14D2266F1610063F530 /* Information */ = {
			isa = PBXGroup;
			children = (
				AD24D1492266F1340063F530 /* InformationViewController.swift */,
			);
			path = Information;
			sourceTree = "<group>";
		};
		AD24D1522267313F0063F530 /* User Preference Collection */ = {
			isa = PBXGroup;
			children = (
				AD24D15022672FB90063F530 /* UserPreferanceView.swift */,
				AD24D155226737B80063F530 /* TextCell.swift */,
			);
			path = "User Preference Collection";
			sourceTree = "<group>";
		};
		AD24D159226737FC0063F530 /* Utils */ = {
			isa = PBXGroup;
			children = (
				AD24D157226737F60063F530 /* UIView+extensions.swift */,
				AD24D165226776DC0063F530 /* ImageCachingSystem.swift */,
				AD6C03AE22715F2E00EBA26E /* UIColor+extensions.swift */,
			);
			path = Utils;
			sourceTree = "<group>";
		};
		AD24D160226753660063F530 /* HomesList */ = {
			isa = PBXGroup;
			children = (
				AD24D15E226753600063F530 /* HomesView.swift */,
				AD24D163226776AE0063F530 /* HomeCollectionCell.swift */,
			);
			path = HomesList;
			sourceTree = "<group>";
		};
		AD24D167226777140063F530 /* Network+DataModel */ = {
			isa = PBXGroup;
			children = (
				AD24D15A226750A30063F530 /* NetworkLayer.swift */,
				AD24D161226774500063F530 /* DataModel.swift */,
				AD24D15C226750C80063F530 /* DataServiceLayer.swift */,
			);
			path = "Network+DataModel";
			sourceTree = "<group>";
		};
		AD6C03BB227218EE00EBA26E /* Home Details */ = {
			isa = PBXGroup;
			children = (
				AD7ACA802272B21D00E10602 /* homeDetails.json */,
				AD6C03B92272173D00EBA26E /* HomeDetailsViewController.swift */,
				AD7ACA7E2272AEB800E10602 /* HomeDetailsModel.swift */,
				AD7ACA7D2272AA5000E10602 /* ImageCell */,
				AD7ACA862272C09C00E10602 /* Description */,
				AD7ACA8B2272C4BE00E10602 /* video */,
			);
			path = "Home Details";
			sourceTree = "<group>";
		};
		AD7ACA7D2272AA5000E10602 /* ImageCell */ = {
			isa = PBXGroup;
			children = (
				AD7ACA7722729E5800E10602 /* HomeDetailsImageTableViewCell.swift */,
				AD7ACA7B2272A83B00E10602 /* ImageCollectionCell.swift */,
				AD7ACA7822729E5800E10602 /* HomeDetailsImageTableViewCell.xib */,
			);
			path = ImageCell;
			sourceTree = "<group>";
		};
		AD7ACA862272C09C00E10602 /* Description */ = {
			isa = PBXGroup;
			children = (
				AD7ACA822272C09600E10602 /* HomeDetailsDesciptionTableViewCell.swift */,
				AD7ACA832272C09600E10602 /* HomeDetailsDesciptionTableViewCell.xib */,
			);
			path = Description;
			sourceTree = "<group>";
		};
		AD7ACA8B2272C4BE00E10602 /* video */ = {
			isa = PBXGroup;
			children = (
				AD7ACA872272C4BA00E10602 /* VideoTableViewCell.swift */,
				AD7ACA882272C4BA00E10602 /* VideoTableViewCell.xib */,
			);
			path = video;
			sourceTree = "<group>";
		};
		AD7ACA8C2272C6A600E10602 /* Frameworks */ = {
			isa = PBXGroup;
			children = (
				AD7ACA8D2272C6A600E10602 /* WebKit.framework */,
			);
			name = Frameworks;
			sourceTree = "<group>";
		};
/* End PBXGroup section */

/* Begin PBXNativeTarget section */
		AD24D11C2266EED40063F530 /* SweetHome */ = {
			isa = PBXNativeTarget;
			buildConfigurationList = AD24D13D2266EED50063F530 /* Build configuration list for PBXNativeTarget "SweetHome" */;
			buildPhases = (
				AD24D1192266EED40063F530 /* Sources */,
				AD24D11A2266EED40063F530 /* Frameworks */,
				AD24D11B2266EED40063F530 /* Resources */,
			);
			buildRules = (
			);
			dependencies = (
			);
			name = SweetHome;
			productName = SweetHome;
			productReference = AD24D11D2266EED40063F530 /* SweetHome.app */;
			productType = "com.apple.product-type.application";
		};
		AD24D1332266EED50063F530 /* SweetHomeTests */ = {
			isa = PBXNativeTarget;
			buildConfigurationList = AD24D1402266EED50063F530 /* Build configuration list for PBXNativeTarget "SweetHomeTests" */;
			buildPhases = (
				AD24D1302266EED50063F530 /* Sources */,
				AD24D1312266EED50063F530 /* Frameworks */,
				AD24D1322266EED50063F530 /* Resources */,
			);
			buildRules = (
			);
			dependencies = (
				AD24D1362266EED50063F530 /* PBXTargetDependency */,
			);
			name = SweetHomeTests;
			productName = SweetHomeTests;
			productReference = AD24D1342266EED50063F530 /* SweetHomeTests.xctest */;
			productType = "com.apple.product-type.bundle.unit-test";
		};
/* End PBXNativeTarget section */

/* Begin PBXProject section */
		AD24D1152266EED40063F530 /* Project object */ = {
			isa = PBXProject;
			attributes = {
				LastSwiftUpdateCheck = 1010;
				LastUpgradeCheck = 1010;
				ORGANIZATIONNAME = "Team A";
				TargetAttributes = {
					AD24D11C2266EED40063F530 = {
						CreatedOnToolsVersion = 10.1;
					};
					AD24D1332266EED50063F530 = {
						CreatedOnToolsVersion = 10.1;
						TestTargetID = AD24D11C2266EED40063F530;
					};
				};
			};
			buildConfigurationList = AD24D1182266EED40063F530 /* Build configuration list for PBXProject "SweetHome" */;
			compatibilityVersion = "Xcode 9.3";
			developmentRegion = en;
			hasScannedForEncodings = 0;
			knownRegions = (
				en,
				Base,
			);
			mainGroup = AD24D1142266EED40063F530;
			productRefGroup = AD24D11E2266EED40063F530 /* Products */;
			projectDirPath = "";
			projectRoot = "";
			targets = (
				AD24D11C2266EED40063F530 /* SweetHome */,
				AD24D1332266EED50063F530 /* SweetHomeTests */,
			);
		};
/* End PBXProject section */

/* Begin PBXResourcesBuildPhase section */
		AD24D11B2266EED40063F530 /* Resources */ = {
			isa = PBXResourcesBuildPhase;
			buildActionMask = 2147483647;
			files = (
				AD7ACA8A2272C4BA00E10602 /* VideoTableViewCell.xib in Resources */,
				AD7ACA812272B21D00E10602 /* homeDetails.json in Resources */,
				AD24D12E2266EED50063F530 /* LaunchScreen.storyboard in Resources */,
				AD7ACA7A22729E5800E10602 /* HomeDetailsImageTableViewCell.xib in Resources */,
				AD7ACA852272C09600E10602 /* HomeDetailsDesciptionTableViewCell.xib in Resources */,
				AD24D12B2266EED50063F530 /* Assets.xcassets in Resources */,
				AD24D1262266EED40063F530 /* Main.storyboard in Resources */,
			);
			runOnlyForDeploymentPostprocessing = 0;
		};
		AD24D1322266EED50063F530 /* Resources */ = {
			isa = PBXResourcesBuildPhase;
			buildActionMask = 2147483647;
			files = (
			);
			runOnlyForDeploymentPostprocessing = 0;
		};
/* End PBXResourcesBuildPhase section */

/* Begin PBXSourcesBuildPhase section */
		AD24D1192266EED40063F530 /* Sources */ = {
			isa = PBXSourcesBuildPhase;
			buildActionMask = 2147483647;
			files = (
				AD7ACA7C2272A83B00E10602 /* ImageCollectionCell.swift in Sources */,
				AD6C03BA2272173D00EBA26E /* HomeDetailsViewController.swift in Sources */,
				AD24D1482266F1280063F530 /* AddHomeViewController.swift in Sources */,
				AD7ACA892272C4BA00E10602 /* VideoTableViewCell.swift in Sources */,
				AD24D15D226750C80063F530 /* DataServiceLayer.swift in Sources */,
				AD24D1292266EED40063F530 /* SweetHome.xcdatamodeld in Sources */,
				AD24D1232266EED40063F530 /* BaseTabBarController.swift in Sources */,
				AD24D15122672FB90063F530 /* UserPreferanceView.swift in Sources */,
				AD24D1212266EED40063F530 /* AppDelegate.swift in Sources */,
				AD24D164226776AE0063F530 /* HomeCollectionCell.swift in Sources */,
				AD7ACA7F2272AEB800E10602 /* HomeDetailsModel.swift in Sources */,
				AD24D162226774500063F530 /* DataModel.swift in Sources */,
				AD24D1462266F0F30063F530 /* HomeViewController.swift in Sources */,
				AD24D166226776DC0063F530 /* ImageCachingSystem.swift in Sources */,
				AD24D158226737F60063F530 /* UIView+extensions.swift in Sources */,
				AD7ACA842272C09600E10602 /* HomeDetailsDesciptionTableViewCell.swift in Sources */,
				AD6C03AF22715F2E00EBA26E /* UIColor+extensions.swift in Sources */,
				AD24D156226737B80063F530 /* TextCell.swift in Sources */,
				AD24D15F226753600063F530 /* HomesView.swift in Sources */,
				AD24D15B226750A30063F530 /* NetworkLayer.swift in Sources */,
				AD24D14A2266F1340063F530 /* InformationViewController.swift in Sources */,
				AD7ACA7922729E5800E10602 /* HomeDetailsImageTableViewCell.swift in Sources */,
			);
			runOnlyForDeploymentPostprocessing = 0;
		};
		AD24D1302266EED50063F530 /* Sources */ = {
			isa = PBXSourcesBuildPhase;
			buildActionMask = 2147483647;
			files = (
				AD24D1392266EED50063F530 /* SweetHomeTests.swift in Sources */,
			);
			runOnlyForDeploymentPostprocessing = 0;
		};
/* End PBXSourcesBuildPhase section */

/* Begin PBXTargetDependency section */
		AD24D1362266EED50063F530 /* PBXTargetDependency */ = {
			isa = PBXTargetDependency;
			target = AD24D11C2266EED40063F530 /* SweetHome */;
			targetProxy = AD24D1352266EED50063F530 /* PBXContainerItemProxy */;
		};
/* End PBXTargetDependency section */

/* Begin PBXVariantGroup section */
		AD24D1242266EED40063F530 /* Main.storyboard */ = {
			isa = PBXVariantGroup;
			children = (
				AD24D1252266EED40063F530 /* Base */,
			);
			name = Main.storyboard;
			sourceTree = "<group>";
		};
		AD24D12C2266EED50063F530 /* LaunchScreen.storyboard */ = {
			isa = PBXVariantGroup;
			children = (
				AD24D12D2266EED50063F530 /* Base */,
			);
			name = LaunchScreen.storyboard;
			sourceTree = "<group>";
		};
/* End PBXVariantGroup section */

/* Begin XCBuildConfiguration section */
		AD24D13B2266EED50063F530 /* Debug */ = {
			isa = XCBuildConfiguration;
			buildSettings = {
				ALWAYS_SEARCH_USER_PATHS = NO;
				CLANG_ANALYZER_NONNULL = YES;
				CLANG_ANALYZER_NUMBER_OBJECT_CONVERSION = YES_AGGRESSIVE;
				CLANG_CXX_LANGUAGE_STANDARD = "gnu++14";
				CLANG_CXX_LIBRARY = "libc++";
				CLANG_ENABLE_MODULES = YES;
				CLANG_ENABLE_OBJC_ARC = YES;
				CLANG_ENABLE_OBJC_WEAK = YES;
				CLANG_WARN_BLOCK_CAPTURE_AUTORELEASING = YES;
				CLANG_WARN_BOOL_CONVERSION = YES;
				CLANG_WARN_COMMA = YES;
				CLANG_WARN_CONSTANT_CONVERSION = YES;
				CLANG_WARN_DEPRECATED_OBJC_IMPLEMENTATIONS = YES;
				CLANG_WARN_DIRECT_OBJC_ISA_USAGE = YES_ERROR;
				CLANG_WARN_DOCUMENTATION_COMMENTS = YES;
				CLANG_WARN_EMPTY_BODY = YES;
				CLANG_WARN_ENUM_CONVERSION = YES;
				CLANG_WARN_INFINITE_RECURSION = YES;
				CLANG_WARN_INT_CONVERSION = YES;
				CLANG_WARN_NON_LITERAL_NULL_CONVERSION = YES;
				CLANG_WARN_OBJC_IMPLICIT_RETAIN_SELF = YES;
				CLANG_WARN_OBJC_LITERAL_CONVERSION = YES;
				CLANG_WARN_OBJC_ROOT_CLASS = YES_ERROR;
				CLANG_WARN_RANGE_LOOP_ANALYSIS = YES;
				CLANG_WARN_STRICT_PROTOTYPES = YES;
				CLANG_WARN_SUSPICIOUS_MOVE = YES;
				CLANG_WARN_UNGUARDED_AVAILABILITY = YES_AGGRESSIVE;
				CLANG_WARN_UNREACHABLE_CODE = YES;
				CLANG_WARN__DUPLICATE_METHOD_MATCH = YES;
				CODE_SIGN_IDENTITY = "iPhone Developer";
				COPY_PHASE_STRIP = NO;
				DEBUG_INFORMATION_FORMAT = dwarf;
				ENABLE_STRICT_OBJC_MSGSEND = YES;
				ENABLE_TESTABILITY = YES;
				GCC_C_LANGUAGE_STANDARD = gnu11;
				GCC_DYNAMIC_NO_PIC = NO;
				GCC_NO_COMMON_BLOCKS = YES;
				GCC_OPTIMIZATION_LEVEL = 0;
				GCC_PREPROCESSOR_DEFINITIONS = (
					"DEBUG=1",
					"$(inherited)",
				);
				GCC_WARN_64_TO_32_BIT_CONVERSION = YES;
				GCC_WARN_ABOUT_RETURN_TYPE = YES_ERROR;
				GCC_WARN_UNDECLARED_SELECTOR = YES;
				GCC_WARN_UNINITIALIZED_AUTOS = YES_AGGRESSIVE;
				GCC_WARN_UNUSED_FUNCTION = YES;
				GCC_WARN_UNUSED_VARIABLE = YES;
				IPHONEOS_DEPLOYMENT_TARGET = 12.1;
				MTL_ENABLE_DEBUG_INFO = INCLUDE_SOURCE;
				MTL_FAST_MATH = YES;
				ONLY_ACTIVE_ARCH = YES;
				SDKROOT = iphoneos;
				SWIFT_ACTIVE_COMPILATION_CONDITIONS = DEBUG;
				SWIFT_OPTIMIZATION_LEVEL = "-Onone";
			};
			name = Debug;
		};
		AD24D13C2266EED50063F530 /* Release */ = {
			isa = XCBuildConfiguration;
			buildSettings = {
				ALWAYS_SEARCH_USER_PATHS = NO;
				CLANG_ANALYZER_NONNULL = YES;
				CLANG_ANALYZER_NUMBER_OBJECT_CONVERSION = YES_AGGRESSIVE;
				CLANG_CXX_LANGUAGE_STANDARD = "gnu++14";
				CLANG_CXX_LIBRARY = "libc++";
				CLANG_ENABLE_MODULES = YES;
				CLANG_ENABLE_OBJC_ARC = YES;
				CLANG_ENABLE_OBJC_WEAK = YES;
				CLANG_WARN_BLOCK_CAPTURE_AUTORELEASING = YES;
				CLANG_WARN_BOOL_CONVERSION = YES;
				CLANG_WARN_COMMA = YES;
				CLANG_WARN_CONSTANT_CONVERSION = YES;
				CLANG_WARN_DEPRECATED_OBJC_IMPLEMENTATIONS = YES;
				CLANG_WARN_DIRECT_OBJC_ISA_USAGE = YES_ERROR;
				CLANG_WARN_DOCUMENTATION_COMMENTS = YES;
				CLANG_WARN_EMPTY_BODY = YES;
				CLANG_WARN_ENUM_CONVERSION = YES;
				CLANG_WARN_INFINITE_RECURSION = YES;
				CLANG_WARN_INT_CONVERSION = YES;
				CLANG_WARN_NON_LITERAL_NULL_CONVERSION = YES;
				CLANG_WARN_OBJC_IMPLICIT_RETAIN_SELF = YES;
				CLANG_WARN_OBJC_LITERAL_CONVERSION = YES;
				CLANG_WARN_OBJC_ROOT_CLASS = YES_ERROR;
				CLANG_WARN_RANGE_LOOP_ANALYSIS = YES;
				CLANG_WARN_STRICT_PROTOTYPES = YES;
				CLANG_WARN_SUSPICIOUS_MOVE = YES;
				CLANG_WARN_UNGUARDED_AVAILABILITY = YES_AGGRESSIVE;
				CLANG_WARN_UNREACHABLE_CODE = YES;
				CLANG_WARN__DUPLICATE_METHOD_MATCH = YES;
				CODE_SIGN_IDENTITY = "iPhone Developer";
				COPY_PHASE_STRIP = NO;
				DEBUG_INFORMATION_FORMAT = "dwarf-with-dsym";
				ENABLE_NS_ASSERTIONS = NO;
				ENABLE_STRICT_OBJC_MSGSEND = YES;
				GCC_C_LANGUAGE_STANDARD = gnu11;
				GCC_NO_COMMON_BLOCKS = YES;
				GCC_WARN_64_TO_32_BIT_CONVERSION = YES;
				GCC_WARN_ABOUT_RETURN_TYPE = YES_ERROR;
				GCC_WARN_UNDECLARED_SELECTOR = YES;
				GCC_WARN_UNINITIALIZED_AUTOS = YES_AGGRESSIVE;
				GCC_WARN_UNUSED_FUNCTION = YES;
				GCC_WARN_UNUSED_VARIABLE = YES;
				IPHONEOS_DEPLOYMENT_TARGET = 12.1;
				MTL_ENABLE_DEBUG_INFO = NO;
				MTL_FAST_MATH = YES;
				SDKROOT = iphoneos;
				SWIFT_COMPILATION_MODE = wholemodule;
				SWIFT_OPTIMIZATION_LEVEL = "-O";
				VALIDATE_PRODUCT = YES;
			};
			name = Release;
		};
		AD24D13E2266EED50063F530 /* Debug */ = {
			isa = XCBuildConfiguration;
			buildSettings = {
				ASSETCATALOG_COMPILER_APPICON_NAME = AppIcon;
				CODE_SIGN_STYLE = Automatic;
				DEVELOPMENT_TEAM = W3Z9URG96M;
				INFOPLIST_FILE = SweetHome/Info.plist;
				LD_RUNPATH_SEARCH_PATHS = (
					"$(inherited)",
					"@executable_path/Frameworks",
				);
				PRODUCT_BUNDLE_IDENTIFIER = com.ashislaha.SweetHome;
				PRODUCT_NAME = "$(TARGET_NAME)";
				SWIFT_VERSION = 4.2;
				TARGETED_DEVICE_FAMILY = "1,2";
			};
			name = Debug;
		};
		AD24D13F2266EED50063F530 /* Release */ = {
			isa = XCBuildConfiguration;
			buildSettings = {
				ASSETCATALOG_COMPILER_APPICON_NAME = AppIcon;
				CODE_SIGN_STYLE = Automatic;
				DEVELOPMENT_TEAM = W3Z9URG96M;
				INFOPLIST_FILE = SweetHome/Info.plist;
				LD_RUNPATH_SEARCH_PATHS = (
					"$(inherited)",
					"@executable_path/Frameworks",
				);
				PRODUCT_BUNDLE_IDENTIFIER = com.ashislaha.SweetHome;
				PRODUCT_NAME = "$(TARGET_NAME)";
				SWIFT_VERSION = 4.2;
				TARGETED_DEVICE_FAMILY = "1,2";
			};
			name = Release;
		};
		AD24D1412266EED50063F530 /* Debug */ = {
			isa = XCBuildConfiguration;
			buildSettings = {
				ALWAYS_EMBED_SWIFT_STANDARD_LIBRARIES = YES;
				BUNDLE_LOADER = "$(TEST_HOST)";
				CODE_SIGN_STYLE = Automatic;
				DEVELOPMENT_TEAM = W3Z9URG96M;
				INFOPLIST_FILE = SweetHomeTests/Info.plist;
				LD_RUNPATH_SEARCH_PATHS = (
					"$(inherited)",
					"@executable_path/Frameworks",
					"@loader_path/Frameworks",
				);
				PRODUCT_BUNDLE_IDENTIFIER = com.ashislaha.SweetHomeTests;
				PRODUCT_NAME = "$(TARGET_NAME)";
				SWIFT_VERSION = 4.2;
				TARGETED_DEVICE_FAMILY = "1,2";
				TEST_HOST = "$(BUILT_PRODUCTS_DIR)/SweetHome.app/SweetHome";
			};
			name = Debug;
		};
		AD24D1422266EED50063F530 /* Release */ = {
			isa = XCBuildConfiguration;
			buildSettings = {
				ALWAYS_EMBED_SWIFT_STANDARD_LIBRARIES = YES;
				BUNDLE_LOADER = "$(TEST_HOST)";
				CODE_SIGN_STYLE = Automatic;
				DEVELOPMENT_TEAM = W3Z9URG96M;
				INFOPLIST_FILE = SweetHomeTests/Info.plist;
				LD_RUNPATH_SEARCH_PATHS = (
					"$(inherited)",
					"@executable_path/Frameworks",
					"@loader_path/Frameworks",
				);
				PRODUCT_BUNDLE_IDENTIFIER = com.ashislaha.SweetHomeTests;
				PRODUCT_NAME = "$(TARGET_NAME)";
				SWIFT_VERSION = 4.2;
				TARGETED_DEVICE_FAMILY = "1,2";
				TEST_HOST = "$(BUILT_PRODUCTS_DIR)/SweetHome.app/SweetHome";
			};
			name = Release;
		};
/* End XCBuildConfiguration section */

/* Begin XCConfigurationList section */
		AD24D1182266EED40063F530 /* Build configuration list for PBXProject "SweetHome" */ = {
			isa = XCConfigurationList;
			buildConfigurations = (
				AD24D13B2266EED50063F530 /* Debug */,
				AD24D13C2266EED50063F530 /* Release */,
			);
			defaultConfigurationIsVisible = 0;
			defaultConfigurationName = Release;
		};
		AD24D13D2266EED50063F530 /* Build configuration list for PBXNativeTarget "SweetHome" */ = {
			isa = XCConfigurationList;
			buildConfigurations = (
				AD24D13E2266EED50063F530 /* Debug */,
				AD24D13F2266EED50063F530 /* Release */,
			);
			defaultConfigurationIsVisible = 0;
			defaultConfigurationName = Release;
		};
		AD24D1402266EED50063F530 /* Build configuration list for PBXNativeTarget "SweetHomeTests" */ = {
			isa = XCConfigurationList;
			buildConfigurations = (
				AD24D1412266EED50063F530 /* Debug */,
				AD24D1422266EED50063F530 /* Release */,
			);
			defaultConfigurationIsVisible = 0;
			defaultConfigurationName = Release;
		};
/* End XCConfigurationList section */

/* Begin XCVersionGroup section */
		AD24D1272266EED40063F530 /* SweetHome.xcdatamodeld */ = {
			isa = XCVersionGroup;
			children = (
				AD24D1282266EED40063F530 /* SweetHome.xcdatamodel */,
			);
			currentVersion = AD24D1282266EED40063F530 /* SweetHome.xcdatamodel */;
			path = SweetHome.xcdatamodeld;
			sourceTree = "<group>";
			versionGroupType = wrapper.xcdatamodel;
		};
/* End XCVersionGroup section */
	};
	rootObject = AD24D1152266EED40063F530 /* Project object */;
}
